
Microsoft Visual Studio Solution File, Format Version 12.00
# Visual Studio Version 17
VisualStudioVersion = 17.8.34601.278
MinimumVisualStudioVersion = 10.0.40219.1
Project("{9A19103F-16F7-4668-BE54-9A1E7A4F7556}") = "API", "API\API.csproj", "{CF3F7D2D-0810-44F3-8202-82477C8C70BE}"
EndProject
Project("{9A19103F-16F7-4668-BE54-9A1E7A4F7556}") = "Core", "Core\Core.csproj", "{C963A64B-2293-4F41-A461-14F58EC194F8}"
EndProject
Project("{9A19103F-16F7-4668-BE54-9A1E7A4F7556}") = "Infrastructure", "Infrastructure\Infrastructure.csproj", "{7632F481-D90F-44CC-B0D9-1396FFE80BA2}"
EndProject
Project("{2150E333-8FDC-42A3-9474-1A3956D46DE8}") = "Solution Items", "Solution Items", "{9883FBBF-7BDC-4D27-8C24-04A9374A01A5}"
	ProjectSection(SolutionItems) = preProject
		.editorconfig = .editorconfig
	EndProjectSection
EndProject
Global
	GlobalSection(SolutionConfigurationPlatforms) = preSolution
		Debug|Any CPU = Debug|Any CPU
		Release|Any CPU = Release|Any CPU
	EndGlobalSection
	GlobalSection(ProjectConfigurationPlatforms) = postSolution
		{CF3F7D2D-0810-44F3-8202-82477C8C70BE}.Debug|Any CPU.ActiveCfg = Debug|Any CPU
		{CF3F7D2D-0810-44F3-8202-82477C8C70BE}.Debug|Any CPU.Build.0 = Debug|Any CPU
		{CF3F7D2D-0810-44F3-8202-82477C8C70BE}.Release|Any CPU.ActiveCfg = Release|Any CPU
		{CF3F7D2D-0810-44F3-8202-82477C8C70BE}.Release|Any CPU.Build.0 = Release|Any CPU
		{C963A64B-2293-4F41-A461-14F58EC194F8}.Debug|Any CPU.ActiveCfg = Debug|Any CPU
		{C963A64B-2293-4F41-A461-14F58EC194F8}.Debug|Any CPU.Build.0 = Debug|Any CPU
		{C963A64B-2293-4F41-A461-14F58EC194F8}.Release|Any CPU.ActiveCfg = Release|Any CPU
		{C963A64B-2293-4F41-A461-14F58EC194F8}.Release|Any CPU.Build.0 = Release|Any CPU
		{7632F481-D90F-44CC-B0D9-1396FFE80BA2}.Debug|Any CPU.ActiveCfg = Debug|Any CPU
		{7632F481-D90F-44CC-B0D9-1396FFE80BA2}.Debug|Any CPU.Build.0 = Debug|Any CPU
		{7632F481-D90F-44CC-B0D9-1396FFE80BA2}.Release|Any CPU.ActiveCfg = Release|Any CPU
		{7632F481-D90F-44CC-B0D9-1396FFE80BA2}.Release|Any CPU.Build.0 = Release|Any CPU
	EndGlobalSection
	GlobalSection(SolutionProperties) = preSolution
		HideSolutionNode = FALSE
	EndGlobalSection
	GlobalSection(ExtensibilityGlobals) = postSolution
		SolutionGuid = {3A2507A0-F329-402D-ABBF-4CDC68BA2225}
	EndGlobalSection
EndGlobal
